
Microsoft Visual Studio Solution File, Format Version 12.00
# Visual Studio Version 17
VisualStudioVersion = 17.13.35825.156
MinimumVisualStudioVersion = 10.0.40219.1
Project("{FAE04EC0-301F-11D3-BF4B-00C04F79EFBC}") = "NP 02. TCP Socket Listener", "NP 02. TCP Socket Listener\NP 02. TCP Socket Listener.csproj", "{499545C9-259F-45CF-8C5F-23C13BF4711E}"
EndProject
Project("{2150E333-8FDC-42A3-9474-1A3956D46DE8}") = "NP 02", "NP 02", "{02EA681E-C7D8-13C7-8484-4AC65E1B71E8}"
EndProject
Project("{FAE04EC0-301F-11D3-BF4B-00C04F79EFBC}") = "NP 02. TCP Socket Client", "NP 02. TCP Socket Client\NP 02. TCP Socket Client.csproj", "{17B6A81E-2291-406C-80E2-AC21F90F603B}"
EndProject
Project("{FAE04EC0-301F-11D3-BF4B-00C04F79EFBC}") = "NP 02. UDP Socket Listener", "NP 02. UDP Socket Listener\NP 02. UDP Socket Listener.csproj", "{749D4FC7-7F2F-4662-8C2F-74436B1BE4AA}"
EndProject
Project("{FAE04EC0-301F-11D3-BF4B-00C04F79EFBC}") = "NP 02. UDP Socket Client", "NP 02. UDP Socket Client\NP 02. UDP Socket Client.csproj", "{A1E27A12-9C64-4FF1-9A7B-B44EE22C9BBA}"
EndProject
Project("{8BC9CEB8-8B4A-11D0-8D11-00A0C91BC942}") = "NP 02. Socket UDP Listener C", "NP 02. Socket UDP Listener C\NP 02. Socket UDP Listener C.vcxproj", "{537D72A8-C758-4DA6-AB62-7ED3FA90F9D5}"
EndProject
Project("{2150E333-8FDC-42A3-9474-1A3956D46DE8}") = "NP 03", "NP 03", "{8CA73FCC-56C1-41F2-8A4E-BFF0B08A9660}"
EndProject
Project("{888888A0-9F3D-457C-B088-3A5042F75D52}") = "NP 03. UDP Listener Python", "NP 03. UDP Listener Python\NP 03. UDP Listener Python.pyproj", "{D9A5D297-BD75-49C4-A680-07129F1CE5F5}"
EndProject
Project("{FAE04EC0-301F-11D3-BF4B-00C04F79EFBC}") = "NP 03. TcpListener", "NP 03. TcpListener\NP 03. TcpListener.csproj", "{F034F8AC-4D11-42C1-92F0-4E2BA3E4B5C9}"
EndProject
Project("{FAE04EC0-301F-11D3-BF4B-00C04F79EFBC}") = "NP 03. TcpClient", "NP 03. TcpClient\NP 03. TcpClient.csproj", "{C1FEB629-F4ED-4F87-BED6-71F7A5E8081F}"
EndProject
Project("{FAE04EC0-301F-11D3-BF4B-00C04F79EFBC}") = "NP 03. UdpClient Client", "NP 03. UdpClient Client\NP 03. UdpClient Client.csproj", "{F78EFF3A-7C1F-487E-BAC2-40D06A3DEB06}"
EndProject
Project("{FAE04EC0-301F-11D3-BF4B-00C04F79EFBC}") = "NP 03. UdpClient Listener", "NP 03. UdpClient Listener\NP 03. UdpClient Listener.csproj", "{5427B100-8351-42E9-906D-9953C3B98D53}"
EndProject
Project("{FAE04EC0-301F-11D3-BF4B-00C04F79EFBC}") = "NP 03. TCP Task Manager (server side)", "NP 03. TCP Task Manager (server side)\NP 03. TCP Task Manager (server side).csproj", "{14EA15C7-8ACA-44FF-8C9E-E590B2675F75}"
EndProject
Project("{FAE04EC0-301F-11D3-BF4B-00C04F79EFBC}") = "NP 03. TCP Task Manager (client side)", "NP 03. TCP Task Manager (client side)\NP 03. TCP Task Manager (client side).csproj", "{BACEF116-5631-4F61-9131-AC8BD4979ADB}"
EndProject
Global
	GlobalSection(SolutionConfigurationPlatforms) = preSolution
		Debug|Any CPU = Debug|Any CPU
		Debug|x64 = Debug|x64
		Debug|x86 = Debug|x86
		Release|Any CPU = Release|Any CPU
		Release|x64 = Release|x64
		Release|x86 = Release|x86
	EndGlobalSection
	GlobalSection(ProjectConfigurationPlatforms) = postSolution
		{499545C9-259F-45CF-8C5F-23C13BF4711E}.Debug|Any CPU.ActiveCfg = Debug|Any CPU
		{499545C9-259F-45CF-8C5F-23C13BF4711E}.Debug|Any CPU.Build.0 = Debug|Any CPU
		{499545C9-259F-45CF-8C5F-23C13BF4711E}.Debug|x64.ActiveCfg = Debug|Any CPU
		{499545C9-259F-45CF-8C5F-23C13BF4711E}.Debug|x64.Build.0 = Debug|Any CPU
		{499545C9-259F-45CF-8C5F-23C13BF4711E}.Debug|x86.ActiveCfg = Debug|Any CPU
		{499545C9-259F-45CF-8C5F-23C13BF4711E}.Debug|x86.Build.0 = Debug|Any CPU
		{499545C9-259F-45CF-8C5F-23C13BF4711E}.Release|Any CPU.ActiveCfg = Release|Any CPU
		{499545C9-259F-45CF-8C5F-23C13BF4711E}.Release|Any CPU.Build.0 = Release|Any CPU
		{499545C9-259F-45CF-8C5F-23C13BF4711E}.Release|x64.ActiveCfg = Release|Any CPU
		{499545C9-259F-45CF-8C5F-23C13BF4711E}.Release|x64.Build.0 = Release|Any CPU
		{499545C9-259F-45CF-8C5F-23C13BF4711E}.Release|x86.ActiveCfg = Release|Any CPU
		{499545C9-259F-45CF-8C5F-23C13BF4711E}.Release|x86.Build.0 = Release|Any CPU
		{17B6A81E-2291-406C-80E2-AC21F90F603B}.Debug|Any CPU.ActiveCfg = Debug|Any CPU
		{17B6A81E-2291-406C-80E2-AC21F90F603B}.Debug|Any CPU.Build.0 = Debug|Any CPU
		{17B6A81E-2291-406C-80E2-AC21F90F603B}.Debug|x64.ActiveCfg = Debug|Any CPU
		{17B6A81E-2291-406C-80E2-AC21F90F603B}.Debug|x64.Build.0 = Debug|Any CPU
		{17B6A81E-2291-406C-80E2-AC21F90F603B}.Debug|x86.ActiveCfg = Debug|Any CPU
		{17B6A81E-2291-406C-80E2-AC21F90F603B}.Debug|x86.Build.0 = Debug|Any CPU
		{17B6A81E-2291-406C-80E2-AC21F90F603B}.Release|Any CPU.ActiveCfg = Release|Any CPU
		{17B6A81E-2291-406C-80E2-AC21F90F603B}.Release|Any CPU.Build.0 = Release|Any CPU
		{17B6A81E-2291-406C-80E2-AC21F90F603B}.Release|x64.ActiveCfg = Release|Any CPU
		{17B6A81E-2291-406C-80E2-AC21F90F603B}.Release|x64.Build.0 = Release|Any CPU
		{17B6A81E-2291-406C-80E2-AC21F90F603B}.Release|x86.ActiveCfg = Release|Any CPU
		{17B6A81E-2291-406C-80E2-AC21F90F603B}.Release|x86.Build.0 = Release|Any CPU
		{749D4FC7-7F2F-4662-8C2F-74436B1BE4AA}.Debug|Any CPU.ActiveCfg = Debug|Any CPU
		{749D4FC7-7F2F-4662-8C2F-74436B1BE4AA}.Debug|Any CPU.Build.0 = Debug|Any CPU
		{749D4FC7-7F2F-4662-8C2F-74436B1BE4AA}.Debug|x64.ActiveCfg = Debug|Any CPU
		{749D4FC7-7F2F-4662-8C2F-74436B1BE4AA}.Debug|x64.Build.0 = Debug|Any CPU
		{749D4FC7-7F2F-4662-8C2F-74436B1BE4AA}.Debug|x86.ActiveCfg = Debug|Any CPU
		{749D4FC7-7F2F-4662-8C2F-74436B1BE4AA}.Debug|x86.Build.0 = Debug|Any CPU
		{749D4FC7-7F2F-4662-8C2F-74436B1BE4AA}.Release|Any CPU.ActiveCfg = Release|Any CPU
		{749D4FC7-7F2F-4662-8C2F-74436B1BE4AA}.Release|Any CPU.Build.0 = Release|Any CPU
		{749D4FC7-7F2F-4662-8C2F-74436B1BE4AA}.Release|x64.ActiveCfg = Release|Any CPU
		{749D4FC7-7F2F-4662-8C2F-74436B1BE4AA}.Release|x64.Build.0 = Release|Any CPU
		{749D4FC7-7F2F-4662-8C2F-74436B1BE4AA}.Release|x86.ActiveCfg = Release|Any CPU
		{749D4FC7-7F2F-4662-8C2F-74436B1BE4AA}.Release|x86.Build.0 = Release|Any CPU
		{A1E27A12-9C64-4FF1-9A7B-B44EE22C9BBA}.Debug|Any CPU.ActiveCfg = Debug|Any CPU
		{A1E27A12-9C64-4FF1-9A7B-B44EE22C9BBA}.Debug|Any CPU.Build.0 = Debug|Any CPU
		{A1E27A12-9C64-4FF1-9A7B-B44EE22C9BBA}.Debug|x64.ActiveCfg = Debug|Any CPU
		{A1E27A12-9C64-4FF1-9A7B-B44EE22C9BBA}.Debug|x64.Build.0 = Debug|Any CPU
		{A1E27A12-9C64-4FF1-9A7B-B44EE22C9BBA}.Debug|x86.ActiveCfg = Debug|Any CPU
		{A1E27A12-9C64-4FF1-9A7B-B44EE22C9BBA}.Debug|x86.Build.0 = Debug|Any CPU
		{A1E27A12-9C64-4FF1-9A7B-B44EE22C9BBA}.Release|Any CPU.ActiveCfg = Release|Any CPU
		{A1E27A12-9C64-4FF1-9A7B-B44EE22C9BBA}.Release|Any CPU.Build.0 = Release|Any CPU
		{A1E27A12-9C64-4FF1-9A7B-B44EE22C9BBA}.Release|x64.ActiveCfg = Release|Any CPU
		{A1E27A12-9C64-4FF1-9A7B-B44EE22C9BBA}.Release|x64.Build.0 = Release|Any CPU
		{A1E27A12-9C64-4FF1-9A7B-B44EE22C9BBA}.Release|x86.ActiveCfg = Release|Any CPU
		{A1E27A12-9C64-4FF1-9A7B-B44EE22C9BBA}.Release|x86.Build.0 = Release|Any CPU
		{537D72A8-C758-4DA6-AB62-7ED3FA90F9D5}.Debug|Any CPU.ActiveCfg = Debug|x64
		{537D72A8-C758-4DA6-AB62-7ED3FA90F9D5}.Debug|Any CPU.Build.0 = Debug|x64
		{537D72A8-C758-4DA6-AB62-7ED3FA90F9D5}.Debug|x64.ActiveCfg = Debug|x64
		{537D72A8-C758-4DA6-AB62-7ED3FA90F9D5}.Debug|x64.Build.0 = Debug|x64
		{537D72A8-C758-4DA6-AB62-7ED3FA90F9D5}.Debug|x86.ActiveCfg = Debug|Win32
		{537D72A8-C758-4DA6-AB62-7ED3FA90F9D5}.Debug|x86.Build.0 = Debug|Win32
		{537D72A8-C758-4DA6-AB62-7ED3FA90F9D5}.Release|Any CPU.ActiveCfg = Release|x64
		{537D72A8-C758-4DA6-AB62-7ED3FA90F9D5}.Release|Any CPU.Build.0 = Release|x64
		{537D72A8-C758-4DA6-AB62-7ED3FA90F9D5}.Release|x64.ActiveCfg = Release|x64
		{537D72A8-C758-4DA6-AB62-7ED3FA90F9D5}.Release|x64.Build.0 = Release|x64
		{537D72A8-C758-4DA6-AB62-7ED3FA90F9D5}.Release|x86.ActiveCfg = Release|Win32
		{537D72A8-C758-4DA6-AB62-7ED3FA90F9D5}.Release|x86.Build.0 = Release|Win32
		{D9A5D297-BD75-49C4-A680-07129F1CE5F5}.Debug|Any CPU.ActiveCfg = Debug|Any CPU
		{D9A5D297-BD75-49C4-A680-07129F1CE5F5}.Debug|x64.ActiveCfg = Debug|Any CPU
		{D9A5D297-BD75-49C4-A680-07129F1CE5F5}.Debug|x86.ActiveCfg = Debug|Any CPU
		{D9A5D297-BD75-49C4-A680-07129F1CE5F5}.Release|Any CPU.ActiveCfg = Release|Any CPU
		{D9A5D297-BD75-49C4-A680-07129F1CE5F5}.Release|x64.ActiveCfg = Release|Any CPU
		{D9A5D297-BD75-49C4-A680-07129F1CE5F5}.Release|x86.ActiveCfg = Release|Any CPU
		{F034F8AC-4D11-42C1-92F0-4E2BA3E4B5C9}.Debug|Any CPU.ActiveCfg = Debug|Any CPU
		{F034F8AC-4D11-42C1-92F0-4E2BA3E4B5C9}.Debug|Any CPU.Build.0 = Debug|Any CPU
		{F034F8AC-4D11-42C1-92F0-4E2BA3E4B5C9}.Debug|x64.ActiveCfg = Debug|Any CPU
		{F034F8AC-4D11-42C1-92F0-4E2BA3E4B5C9}.Debug|x64.Build.0 = Debug|Any CPU
		{F034F8AC-4D11-42C1-92F0-4E2BA3E4B5C9}.Debug|x86.ActiveCfg = Debug|Any CPU
		{F034F8AC-4D11-42C1-92F0-4E2BA3E4B5C9}.Debug|x86.Build.0 = Debug|Any CPU
		{F034F8AC-4D11-42C1-92F0-4E2BA3E4B5C9}.Release|Any CPU.ActiveCfg = Release|Any CPU
		{F034F8AC-4D11-42C1-92F0-4E2BA3E4B5C9}.Release|Any CPU.Build.0 = Release|Any CPU
		{F034F8AC-4D11-42C1-92F0-4E2BA3E4B5C9}.Release|x64.ActiveCfg = Release|Any CPU
		{F034F8AC-4D11-42C1-92F0-4E2BA3E4B5C9}.Release|x64.Build.0 = Release|Any CPU
		{F034F8AC-4D11-42C1-92F0-4E2BA3E4B5C9}.Release|x86.ActiveCfg = Release|Any CPU
		{F034F8AC-4D11-42C1-92F0-4E2BA3E4B5C9}.Release|x86.Build.0 = Release|Any CPU
		{C1FEB629-F4ED-4F87-BED6-71F7A5E8081F}.Debug|Any CPU.ActiveCfg = Debug|Any CPU
		{C1FEB629-F4ED-4F87-BED6-71F7A5E8081F}.Debug|Any CPU.Build.0 = Debug|Any CPU
		{C1FEB629-F4ED-4F87-BED6-71F7A5E8081F}.Debug|x64.ActiveCfg = Debug|Any CPU
		{C1FEB629-F4ED-4F87-BED6-71F7A5E8081F}.Debug|x64.Build.0 = Debug|Any CPU
		{C1FEB629-F4ED-4F87-BED6-71F7A5E8081F}.Debug|x86.ActiveCfg = Debug|Any CPU
		{C1FEB629-F4ED-4F87-BED6-71F7A5E8081F}.Debug|x86.Build.0 = Debug|Any CPU
		{C1FEB629-F4ED-4F87-BED6-71F7A5E8081F}.Release|Any CPU.ActiveCfg = Release|Any CPU
		{C1FEB629-F4ED-4F87-BED6-71F7A5E8081F}.Release|Any CPU.Build.0 = Release|Any CPU
		{C1FEB629-F4ED-4F87-BED6-71F7A5E8081F}.Release|x64.ActiveCfg = Release|Any CPU
		{C1FEB629-F4ED-4F87-BED6-71F7A5E8081F}.Release|x64.Build.0 = Release|Any CPU
		{C1FEB629-F4ED-4F87-BED6-71F7A5E8081F}.Release|x86.ActiveCfg = Release|Any CPU
		{C1FEB629-F4ED-4F87-BED6-71F7A5E8081F}.Release|x86.Build.0 = Release|Any CPU
		{F78EFF3A-7C1F-487E-BAC2-40D06A3DEB06}.Debug|Any CPU.ActiveCfg = Debug|Any CPU
		{F78EFF3A-7C1F-487E-BAC2-40D06A3DEB06}.Debug|Any CPU.Build.0 = Debug|Any CPU
		{F78EFF3A-7C1F-487E-BAC2-40D06A3DEB06}.Debug|x64.ActiveCfg = Debug|Any CPU
		{F78EFF3A-7C1F-487E-BAC2-40D06A3DEB06}.Debug|x64.Build.0 = Debug|Any CPU
		{F78EFF3A-7C1F-487E-BAC2-40D06A3DEB06}.Debug|x86.ActiveCfg = Debug|Any CPU
		{F78EFF3A-7C1F-487E-BAC2-40D06A3DEB06}.Debug|x86.Build.0 = Debug|Any CPU
		{F78EFF3A-7C1F-487E-BAC2-40D06A3DEB06}.Release|Any CPU.ActiveCfg = Release|Any CPU
		{F78EFF3A-7C1F-487E-BAC2-40D06A3DEB06}.Release|Any CPU.Build.0 = Release|Any CPU
		{F78EFF3A-7C1F-487E-BAC2-40D06A3DEB06}.Release|x64.ActiveCfg = Release|Any CPU
		{F78EFF3A-7C1F-487E-BAC2-40D06A3DEB06}.Release|x64.Build.0 = Release|Any CPU
		{F78EFF3A-7C1F-487E-BAC2-40D06A3DEB06}.Release|x86.ActiveCfg = Release|Any CPU
		{F78EFF3A-7C1F-487E-BAC2-40D06A3DEB06}.Release|x86.Build.0 = Release|Any CPU
		{5427B100-8351-42E9-906D-9953C3B98D53}.Debug|Any CPU.ActiveCfg = Debug|Any CPU
		{5427B100-8351-42E9-906D-9953C3B98D53}.Debug|Any CPU.Build.0 = Debug|Any CPU
		{5427B100-8351-42E9-906D-9953C3B98D53}.Debug|x64.ActiveCfg = Debug|Any CPU
		{5427B100-8351-42E9-906D-9953C3B98D53}.Debug|x64.Build.0 = Debug|Any CPU
		{5427B100-8351-42E9-906D-9953C3B98D53}.Debug|x86.ActiveCfg = Debug|Any CPU
		{5427B100-8351-42E9-906D-9953C3B98D53}.Debug|x86.Build.0 = Debug|Any CPU
		{5427B100-8351-42E9-906D-9953C3B98D53}.Release|Any CPU.ActiveCfg = Release|Any CPU
		{5427B100-8351-42E9-906D-9953C3B98D53}.Release|Any CPU.Build.0 = Release|Any CPU
		{5427B100-8351-42E9-906D-9953C3B98D53}.Release|x64.ActiveCfg = Release|Any CPU
		{5427B100-8351-42E9-906D-9953C3B98D53}.Release|x64.Build.0 = Release|Any CPU
		{5427B100-8351-42E9-906D-9953C3B98D53}.Release|x86.ActiveCfg = Release|Any CPU
		{5427B100-8351-42E9-906D-9953C3B98D53}.Release|x86.Build.0 = Release|Any CPU
		{14EA15C7-8ACA-44FF-8C9E-E590B2675F75}.Debug|Any CPU.ActiveCfg = Debug|Any CPU
		{14EA15C7-8ACA-44FF-8C9E-E590B2675F75}.Debug|Any CPU.Build.0 = Debug|Any CPU
		{14EA15C7-8ACA-44FF-8C9E-E590B2675F75}.Debug|x64.ActiveCfg = Debug|Any CPU
		{14EA15C7-8ACA-44FF-8C9E-E590B2675F75}.Debug|x64.Build.0 = Debug|Any CPU
		{14EA15C7-8ACA-44FF-8C9E-E590B2675F75}.Debug|x86.ActiveCfg = Debug|Any CPU
		{14EA15C7-8ACA-44FF-8C9E-E590B2675F75}.Debug|x86.Build.0 = Debug|Any CPU
		{14EA15C7-8ACA-44FF-8C9E-E590B2675F75}.Release|Any CPU.ActiveCfg = Release|Any CPU
		{14EA15C7-8ACA-44FF-8C9E-E590B2675F75}.Release|Any CPU.Build.0 = Release|Any CPU
		{14EA15C7-8ACA-44FF-8C9E-E590B2675F75}.Release|x64.ActiveCfg = Release|Any CPU
		{14EA15C7-8ACA-44FF-8C9E-E590B2675F75}.Release|x64.Build.0 = Release|Any CPU
		{14EA15C7-8ACA-44FF-8C9E-E590B2675F75}.Release|x86.ActiveCfg = Release|Any CPU
		{14EA15C7-8ACA-44FF-8C9E-E590B2675F75}.Release|x86.Build.0 = Release|Any CPU
		{BACEF116-5631-4F61-9131-AC8BD4979ADB}.Debug|Any CPU.ActiveCfg = Debug|Any CPU
		{BACEF116-5631-4F61-9131-AC8BD4979ADB}.Debug|Any CPU.Build.0 = Debug|Any CPU
		{BACEF116-5631-4F61-9131-AC8BD4979ADB}.Debug|x64.ActiveCfg = Debug|Any CPU
		{BACEF116-5631-4F61-9131-AC8BD4979ADB}.Debug|x64.Build.0 = Debug|Any CPU
		{BACEF116-5631-4F61-9131-AC8BD4979ADB}.Debug|x86.ActiveCfg = Debug|Any CPU
		{BACEF116-5631-4F61-9131-AC8BD4979ADB}.Debug|x86.Build.0 = Debug|Any CPU
		{BACEF116-5631-4F61-9131-AC8BD4979ADB}.Release|Any CPU.ActiveCfg = Release|Any CPU
		{BACEF116-5631-4F61-9131-AC8BD4979ADB}.Release|Any CPU.Build.0 = Release|Any CPU
		{BACEF116-5631-4F61-9131-AC8BD4979ADB}.Release|x64.ActiveCfg = Release|Any CPU
		{BACEF116-5631-4F61-9131-AC8BD4979ADB}.Release|x64.Build.0 = Release|Any CPU
		{BACEF116-5631-4F61-9131-AC8BD4979ADB}.Release|x86.ActiveCfg = Release|Any CPU
		{BACEF116-5631-4F61-9131-AC8BD4979ADB}.Release|x86.Build.0 = Release|Any CPU
	EndGlobalSection
	GlobalSection(SolutionProperties) = preSolution
		HideSolutionNode = FALSE
	EndGlobalSection
	GlobalSection(NestedProjects) = preSolution
		{499545C9-259F-45CF-8C5F-23C13BF4711E} = {02EA681E-C7D8-13C7-8484-4AC65E1B71E8}
		{17B6A81E-2291-406C-80E2-AC21F90F603B} = {02EA681E-C7D8-13C7-8484-4AC65E1B71E8}
		{749D4FC7-7F2F-4662-8C2F-74436B1BE4AA} = {02EA681E-C7D8-13C7-8484-4AC65E1B71E8}
		{A1E27A12-9C64-4FF1-9A7B-B44EE22C9BBA} = {02EA681E-C7D8-13C7-8484-4AC65E1B71E8}
		{537D72A8-C758-4DA6-AB62-7ED3FA90F9D5} = {02EA681E-C7D8-13C7-8484-4AC65E1B71E8}
		{D9A5D297-BD75-49C4-A680-07129F1CE5F5} = {8CA73FCC-56C1-41F2-8A4E-BFF0B08A9660}
		{F034F8AC-4D11-42C1-92F0-4E2BA3E4B5C9} = {8CA73FCC-56C1-41F2-8A4E-BFF0B08A9660}
		{C1FEB629-F4ED-4F87-BED6-71F7A5E8081F} = {8CA73FCC-56C1-41F2-8A4E-BFF0B08A9660}
		{F78EFF3A-7C1F-487E-BAC2-40D06A3DEB06} = {8CA73FCC-56C1-41F2-8A4E-BFF0B08A9660}
		{5427B100-8351-42E9-906D-9953C3B98D53} = {8CA73FCC-56C1-41F2-8A4E-BFF0B08A9660}
		{14EA15C7-8ACA-44FF-8C9E-E590B2675F75} = {8CA73FCC-56C1-41F2-8A4E-BFF0B08A9660}
		{BACEF116-5631-4F61-9131-AC8BD4979ADB} = {8CA73FCC-56C1-41F2-8A4E-BFF0B08A9660}
	EndGlobalSection
	GlobalSection(ExtensibilityGlobals) = postSolution
		SolutionGuid = {C13E26ED-0095-4C9D-BCAA-9676781AFDF9}
	EndGlobalSection
EndGlobal
